// !$*UTF8*$!
{
	archiveVersion = 1;
	classes = {
	};
	objectVersion = 56;
	objects = {

/* Begin PBXBuildFile section */
		014407132BFD352E006BDAFE /* ShareSheet.swift in Sources */ = {isa = PBXBuildFile; fileRef = 014407122BFD352E006BDAFE /* ShareSheet.swift */; };
		018C18F62BEE7B8400EB7627 /* AddReminderView.swift in Sources */ = {isa = PBXBuildFile; fileRef = 018C18F52BEE7B8400EB7627 /* AddReminderView.swift */; };
		018C18F82BEE8A4500EB7627 /* AlarmRow.swift in Sources */ = {isa = PBXBuildFile; fileRef = 018C18F72BEE8A4500EB7627 /* AlarmRow.swift */; };
		018C18FA2BEE8B2D00EB7627 /* ClockView.swift in Sources */ = {isa = PBXBuildFile; fileRef = 018C18F92BEE8B2D00EB7627 /* ClockView.swift */; };
		018C18FC2BEE939F00EB7627 /* VerticalEllipsisIcon.swift in Sources */ = {isa = PBXBuildFile; fileRef = 018C18FB2BEE939F00EB7627 /* VerticalEllipsisIcon.swift */; };
		018C18FE2BEEAEA000EB7627 /* Alarm.swift in Sources */ = {isa = PBXBuildFile; fileRef = 018C18FD2BEEAEA000EB7627 /* Alarm.swift */; };
		018C19002BEEBB6400EB7627 /* AlarmManager.swift in Sources */ = {isa = PBXBuildFile; fileRef = 018C18FF2BEEBB6400EB7627 /* AlarmManager.swift */; };
		018C19022BEED1DD00EB7627 /* AddAlarmView.swift in Sources */ = {isa = PBXBuildFile; fileRef = 018C19012BEED1DD00EB7627 /* AddAlarmView.swift */; };
		018C19042BEEF77700EB7627 /* SwipeToDeleteView.swift in Sources */ = {isa = PBXBuildFile; fileRef = 018C19032BEEF77700EB7627 /* SwipeToDeleteView.swift */; };
		01B4FB5B2C1B9C3400BCA899 /* PrivacyPolicyView.swift in Sources */ = {isa = PBXBuildFile; fileRef = 01B4FB5A2C1B9C3400BCA899 /* PrivacyPolicyView.swift */; };
		01B4FB5D2C1B9E4700BCA899 /* TermsofUseView.swift in Sources */ = {isa = PBXBuildFile; fileRef = 01B4FB5C2C1B9E4700BCA899 /* TermsofUseView.swift */; };
		01C100032BF6287D00767250 /* CustomToggleStyle.swift in Sources */ = {isa = PBXBuildFile; fileRef = 01C100022BF6287D00767250 /* CustomToggleStyle.swift */; };
		01C100052BF66CAA00767250 /* SettingsView.swift in Sources */ = {isa = PBXBuildFile; fileRef = 01C100042BF66CAA00767250 /* SettingsView.swift */; };
		5B0D1DA42BD1C2270080D858 /* ColoredToggleStyle.swift in Sources */ = {isa = PBXBuildFile; fileRef = 5B0D1DA32BD1C2270080D858 /* ColoredToggleStyle.swift */; };
		5B0D1DA62BD1D64B0080D858 /* AlarmStorage.swift in Sources */ = {isa = PBXBuildFile; fileRef = 5B0D1DA52BD1D64B0080D858 /* AlarmStorage.swift */; };
		5B64B2092BD183E900B82D58 /* Reminder.swift in Sources */ = {isa = PBXBuildFile; fileRef = 5B64B2082BD183E900B82D58 /* Reminder.swift */; };
		5B64B20B2BD1854200B82D58 /* ReminderView.swift in Sources */ = {isa = PBXBuildFile; fileRef = 5B64B20A2BD1854200B82D58 /* ReminderView.swift */; };
		5B64B20D2BD1891100B82D58 /* DateFormatter.swift in Sources */ = {isa = PBXBuildFile; fileRef = 5B64B20C2BD1891100B82D58 /* DateFormatter.swift */; };
		5B64B20F2BD18D1300B82D58 /* NotificationManager.swift in Sources */ = {isa = PBXBuildFile; fileRef = 5B64B20E2BD18D1300B82D58 /* NotificationManager.swift */; };
		5BB80C0A2BAB7F3B007E8C81 /* WaterReminderApp.swift in Sources */ = {isa = PBXBuildFile; fileRef = 5BB80C092BAB7F3B007E8C81 /* WaterReminderApp.swift */; };
		5BB80C0C2BAB7F3B007E8C81 /* ContentView.swift in Sources */ = {isa = PBXBuildFile; fileRef = 5BB80C0B2BAB7F3B007E8C81 /* ContentView.swift */; };
		5BB80C0E2BAB7F3D007E8C81 /* Assets.xcassets in Resources */ = {isa = PBXBuildFile; fileRef = 5BB80C0D2BAB7F3D007E8C81 /* Assets.xcassets */; };
		5BB80C122BAB7F3D007E8C81 /* Preview Assets.xcassets in Resources */ = {isa = PBXBuildFile; fileRef = 5BB80C112BAB7F3D007E8C81 /* Preview Assets.xcassets */; };
/* End PBXBuildFile section */

/* Begin PBXFileReference section */
		014407122BFD352E006BDAFE /* ShareSheet.swift */ = {isa = PBXFileReference; lastKnownFileType = sourcecode.swift; path = ShareSheet.swift; sourceTree = "<group>"; };
		018C18F52BEE7B8400EB7627 /* AddReminderView.swift */ = {isa = PBXFileReference; lastKnownFileType = sourcecode.swift; path = AddReminderView.swift; sourceTree = "<group>"; };
		018C18F72BEE8A4500EB7627 /* AlarmRow.swift */ = {isa = PBXFileReference; lastKnownFileType = sourcecode.swift; path = AlarmRow.swift; sourceTree = "<group>"; };
		018C18F92BEE8B2D00EB7627 /* ClockView.swift */ = {isa = PBXFileReference; lastKnownFileType = sourcecode.swift; path = ClockView.swift; sourceTree = "<group>"; };
		018C18FB2BEE939F00EB7627 /* VerticalEllipsisIcon.swift */ = {isa = PBXFileReference; lastKnownFileType = sourcecode.swift; path = VerticalEllipsisIcon.swift; sourceTree = "<group>"; };
		018C18FD2BEEAEA000EB7627 /* Alarm.swift */ = {isa = PBXFileReference; lastKnownFileType = sourcecode.swift; path = Alarm.swift; sourceTree = "<group>"; };
		018C18FF2BEEBB6400EB7627 /* AlarmManager.swift */ = {isa = PBXFileReference; lastKnownFileType = sourcecode.swift; path = AlarmManager.swift; sourceTree = "<group>"; };
		018C19012BEED1DD00EB7627 /* AddAlarmView.swift */ = {isa = PBXFileReference; lastKnownFileType = sourcecode.swift; path = AddAlarmView.swift; sourceTree = "<group>"; };
		018C19032BEEF77700EB7627 /* SwipeToDeleteView.swift */ = {isa = PBXFileReference; lastKnownFileType = sourcecode.swift; path = SwipeToDeleteView.swift; sourceTree = "<group>"; };
		01B4FB5A2C1B9C3400BCA899 /* PrivacyPolicyView.swift */ = {isa = PBXFileReference; lastKnownFileType = sourcecode.swift; path = PrivacyPolicyView.swift; sourceTree = "<group>"; };
		01B4FB5C2C1B9E4700BCA899 /* TermsofUseView.swift */ = {isa = PBXFileReference; lastKnownFileType = sourcecode.swift; path = TermsofUseView.swift; sourceTree = "<group>"; };
		01C100022BF6287D00767250 /* CustomToggleStyle.swift */ = {isa = PBXFileReference; lastKnownFileType = sourcecode.swift; path = CustomToggleStyle.swift; sourceTree = "<group>"; };
		01C100042BF66CAA00767250 /* SettingsView.swift */ = {isa = PBXFileReference; lastKnownFileType = sourcecode.swift; path = SettingsView.swift; sourceTree = "<group>"; };
		5B0D1DA32BD1C2270080D858 /* ColoredToggleStyle.swift */ = {isa = PBXFileReference; lastKnownFileType = sourcecode.swift; path = ColoredToggleStyle.swift; sourceTree = "<group>"; };
		5B0D1DA52BD1D64B0080D858 /* AlarmStorage.swift */ = {isa = PBXFileReference; lastKnownFileType = sourcecode.swift; path = AlarmStorage.swift; sourceTree = "<group>"; };
		5B64B2082BD183E900B82D58 /* Reminder.swift */ = {isa = PBXFileReference; lastKnownFileType = sourcecode.swift; path = Reminder.swift; sourceTree = "<group>"; };
		5B64B20A2BD1854200B82D58 /* ReminderView.swift */ = {isa = PBXFileReference; lastKnownFileType = sourcecode.swift; path = ReminderView.swift; sourceTree = "<group>"; };
		5B64B20C2BD1891100B82D58 /* DateFormatter.swift */ = {isa = PBXFileReference; lastKnownFileType = sourcecode.swift; path = DateFormatter.swift; sourceTree = "<group>"; };
		5B64B20E2BD18D1300B82D58 /* NotificationManager.swift */ = {isa = PBXFileReference; lastKnownFileType = sourcecode.swift; path = NotificationManager.swift; sourceTree = "<group>"; };
		5BB80C062BAB7F3B007E8C81 /* WaterReminder.app */ = {isa = PBXFileReference; explicitFileType = wrapper.application; includeInIndex = 0; path = WaterReminder.app; sourceTree = BUILT_PRODUCTS_DIR; };
		5BB80C092BAB7F3B007E8C81 /* WaterReminderApp.swift */ = {isa = PBXFileReference; lastKnownFileType = sourcecode.swift; path = WaterReminderApp.swift; sourceTree = "<group>"; };
		5BB80C0B2BAB7F3B007E8C81 /* ContentView.swift */ = {isa = PBXFileReference; lastKnownFileType = sourcecode.swift; path = ContentView.swift; sourceTree = "<group>"; };
		5BB80C0D2BAB7F3D007E8C81 /* Assets.xcassets */ = {isa = PBXFileReference; lastKnownFileType = folder.assetcatalog; path = Assets.xcassets; sourceTree = "<group>"; };
		5BB80C0F2BAB7F3D007E8C81 /* WaterReminder.entitlements */ = {isa = PBXFileReference; lastKnownFileType = text.plist.entitlements; path = WaterReminder.entitlements; sourceTree = "<group>"; };
		5BB80C112BAB7F3D007E8C81 /* Preview Assets.xcassets */ = {isa = PBXFileReference; lastKnownFileType = folder.assetcatalog; path = "Preview Assets.xcassets"; sourceTree = "<group>"; };
/* End PBXFileReference section */

/* Begin PBXFrameworksBuildPhase section */
		5BB80C032BAB7F3B007E8C81 /* Frameworks */ = {
			isa = PBXFrameworksBuildPhase;
			buildActionMask = 2147483647;
			files = (
			);
			runOnlyForDeploymentPostprocessing = 0;
		};
/* End PBXFrameworksBuildPhase section */

/* Begin PBXGroup section */
		5BB80BFD2BAB7F3B007E8C81 = {
			isa = PBXGroup;
			children = (
				5BB80C082BAB7F3B007E8C81 /* WaterReminder */,
				5BB80C072BAB7F3B007E8C81 /* Products */,
			);
			sourceTree = "<group>";
		};
		5BB80C072BAB7F3B007E8C81 /* Products */ = {
			isa = PBXGroup;
			children = (
				5BB80C062BAB7F3B007E8C81 /* WaterReminder.app */,
			);
			name = Products;
			sourceTree = "<group>";
		};
		5BB80C082BAB7F3B007E8C81 /* WaterReminder */ = {
			isa = PBXGroup;
			children = (
				5BB80C092BAB7F3B007E8C81 /* WaterReminderApp.swift */,
				5BB80C0B2BAB7F3B007E8C81 /* ContentView.swift */,
				018C19012BEED1DD00EB7627 /* AddAlarmView.swift */,
				01C100042BF66CAA00767250 /* SettingsView.swift */,
				01B4FB5A2C1B9C3400BCA899 /* PrivacyPolicyView.swift */,
				01B4FB5C2C1B9E4700BCA899 /* TermsofUseView.swift */,
				014407122BFD352E006BDAFE /* ShareSheet.swift */,
				01C100022BF6287D00767250 /* CustomToggleStyle.swift */,
				018C18F72BEE8A4500EB7627 /* AlarmRow.swift */,
				018C19032BEEF77700EB7627 /* SwipeToDeleteView.swift */,
				018C18FF2BEEBB6400EB7627 /* AlarmManager.swift */,
				5B0D1DA52BD1D64B0080D858 /* AlarmStorage.swift */,
				018C18F92BEE8B2D00EB7627 /* ClockView.swift */,
				018C18FD2BEEAEA000EB7627 /* Alarm.swift */,
				5B64B20C2BD1891100B82D58 /* DateFormatter.swift */,
				018C18FB2BEE939F00EB7627 /* VerticalEllipsisIcon.swift */,
				018C18F52BEE7B8400EB7627 /* AddReminderView.swift */,
				5B64B20A2BD1854200B82D58 /* ReminderView.swift */,
				5B64B20E2BD18D1300B82D58 /* NotificationManager.swift */,
				5B0D1DA32BD1C2270080D858 /* ColoredToggleStyle.swift */,
				5B64B2082BD183E900B82D58 /* Reminder.swift */,
				5BB80C0D2BAB7F3D007E8C81 /* Assets.xcassets */,
				5BB80C0F2BAB7F3D007E8C81 /* WaterReminder.entitlements */,
				5BB80C102BAB7F3D007E8C81 /* Preview Content */,
			);
			path = WaterReminder;
			sourceTree = "<group>";
		};
		5BB80C102BAB7F3D007E8C81 /* Preview Content */ = {
			isa = PBXGroup;
			children = (
				5BB80C112BAB7F3D007E8C81 /* Preview Assets.xcassets */,
			);
			path = "Preview Content";
			sourceTree = "<group>";
		};
/* End PBXGroup section */

/* Begin PBXNativeTarget section */
		5BB80C052BAB7F3B007E8C81 /* WaterReminder */ = {
			isa = PBXNativeTarget;
			buildConfigurationList = 5BB80C152BAB7F3D007E8C81 /* Build configuration list for PBXNativeTarget "WaterReminder" */;
			buildPhases = (
				5BB80C022BAB7F3B007E8C81 /* Sources */,
				5BB80C032BAB7F3B007E8C81 /* Frameworks */,
				5BB80C042BAB7F3B007E8C81 /* Resources */,
			);
			buildRules = (
			);
			dependencies = (
			);
			name = WaterReminder;
			productName = WaterReminder;
			productReference = 5BB80C062BAB7F3B007E8C81 /* WaterReminder.app */;
			productType = "com.apple.product-type.application";
		};
/* End PBXNativeTarget section */

/* Begin PBXProject section */
		5BB80BFE2BAB7F3B007E8C81 /* Project object */ = {
			isa = PBXProject;
			attributes = {
				BuildIndependentTargetsInParallel = 1;
				LastSwiftUpdateCheck = 1420;
				LastUpgradeCheck = 1420;
				TargetAttributes = {
					5BB80C052BAB7F3B007E8C81 = {
						CreatedOnToolsVersion = 14.2;
					};
				};
			};
			buildConfigurationList = 5BB80C012BAB7F3B007E8C81 /* Build configuration list for PBXProject "WaterReminder" */;
			compatibilityVersion = "Xcode 14.0";
			developmentRegion = en;
			hasScannedForEncodings = 0;
			knownRegions = (
				en,
				Base,
			);
			mainGroup = 5BB80BFD2BAB7F3B007E8C81;
			productRefGroup = 5BB80C072BAB7F3B007E8C81 /* Products */;
			projectDirPath = "";
			projectRoot = "";
			targets = (
				5BB80C052BAB7F3B007E8C81 /* WaterReminder */,
			);
		};
/* End PBXProject section */

/* Begin PBXResourcesBuildPhase section */
		5BB80C042BAB7F3B007E8C81 /* Resources */ = {
			isa = PBXResourcesBuildPhase;
			buildActionMask = 2147483647;
			files = (
				5BB80C122BAB7F3D007E8C81 /* Preview Assets.xcassets in Resources */,
				5BB80C0E2BAB7F3D007E8C81 /* Assets.xcassets in Resources */,
			);
			runOnlyForDeploymentPostprocessing = 0;
		};
/* End PBXResourcesBuildPhase section */

/* Begin PBXSourcesBuildPhase section */
		5BB80C022BAB7F3B007E8C81 /* Sources */ = {
			isa = PBXSourcesBuildPhase;
			buildActionMask = 2147483647;
			files = (
				018C18F82BEE8A4500EB7627 /* AlarmRow.swift in Sources */,
				5B64B20F2BD18D1300B82D58 /* NotificationManager.swift in Sources */,
				5B64B2092BD183E900B82D58 /* Reminder.swift in Sources */,
				01B4FB5B2C1B9C3400BCA899 /* PrivacyPolicyView.swift in Sources */,
				01C100052BF66CAA00767250 /* SettingsView.swift in Sources */,
				018C18FA2BEE8B2D00EB7627 /* ClockView.swift in Sources */,
				01C100032BF6287D00767250 /* CustomToggleStyle.swift in Sources */,
				5BB80C0C2BAB7F3B007E8C81 /* ContentView.swift in Sources */,
				018C19022BEED1DD00EB7627 /* AddAlarmView.swift in Sources */,
				5B64B20B2BD1854200B82D58 /* ReminderView.swift in Sources */,
				018C18F62BEE7B8400EB7627 /* AddReminderView.swift in Sources */,
				018C19002BEEBB6400EB7627 /* AlarmManager.swift in Sources */,
				01B4FB5D2C1B9E4700BCA899 /* TermsofUseView.swift in Sources */,
				5B0D1DA42BD1C2270080D858 /* ColoredToggleStyle.swift in Sources */,
				018C18FE2BEEAEA000EB7627 /* Alarm.swift in Sources */,
				018C19042BEEF77700EB7627 /* SwipeToDeleteView.swift in Sources */,
				5BB80C0A2BAB7F3B007E8C81 /* WaterReminderApp.swift in Sources */,
				018C18FC2BEE939F00EB7627 /* VerticalEllipsisIcon.swift in Sources */,
				014407132BFD352E006BDAFE /* ShareSheet.swift in Sources */,
				5B64B20D2BD1891100B82D58 /* DateFormatter.swift in Sources */,
				5B0D1DA62BD1D64B0080D858 /* AlarmStorage.swift in Sources */,
			);
			runOnlyForDeploymentPostprocessing = 0;
		};
/* End PBXSourcesBuildPhase section */

/* Begin XCBuildConfiguration section */
		5BB80C132BAB7F3D007E8C81 /* Debug */ = {
			isa = XCBuildConfiguration;
			buildSettings = {
				ALWAYS_SEARCH_USER_PATHS = NO;
				CLANG_ANALYZER_NONNULL = YES;
				CLANG_ANALYZER_NUMBER_OBJECT_CONVERSION = YES_AGGRESSIVE;
				CLANG_CXX_LANGUAGE_STANDARD = "gnu++20";
				CLANG_ENABLE_MODULES = YES;
				CLANG_ENABLE_OBJC_ARC = YES;
				CLANG_ENABLE_OBJC_WEAK = YES;
				CLANG_WARN_BLOCK_CAPTURE_AUTORELEASING = YES;
				CLANG_WARN_BOOL_CONVERSION = YES;
				CLANG_WARN_COMMA = YES;
				CLANG_WARN_CONSTANT_CONVERSION = YES;
				CLANG_WARN_DEPRECATED_OBJC_IMPLEMENTATIONS = YES;
				CLANG_WARN_DIRECT_OBJC_ISA_USAGE = YES_ERROR;
				CLANG_WARN_DOCUMENTATION_COMMENTS = YES;
				CLANG_WARN_EMPTY_BODY = YES;
				CLANG_WARN_ENUM_CONVERSION = YES;
				CLANG_WARN_INFINITE_RECURSION = YES;
				CLANG_WARN_INT_CONVERSION = YES;
				CLANG_WARN_NON_LITERAL_NULL_CONVERSION = YES;
				CLANG_WARN_OBJC_IMPLICIT_RETAIN_SELF = YES;
				CLANG_WARN_OBJC_LITERAL_CONVERSION = YES;
				CLANG_WARN_OBJC_ROOT_CLASS = YES_ERROR;
				CLANG_WARN_QUOTED_INCLUDE_IN_FRAMEWORK_HEADER = YES;
				CLANG_WARN_RANGE_LOOP_ANALYSIS = YES;
				CLANG_WARN_STRICT_PROTOTYPES = YES;
				CLANG_WARN_SUSPICIOUS_MOVE = YES;
				CLANG_WARN_UNGUARDED_AVAILABILITY = YES_AGGRESSIVE;
				CLANG_WARN_UNREACHABLE_CODE = YES;
				CLANG_WARN__DUPLICATE_METHOD_MATCH = YES;
				COPY_PHASE_STRIP = NO;
				DEBUG_INFORMATION_FORMAT = dwarf;
				ENABLE_STRICT_OBJC_MSGSEND = YES;
				ENABLE_TESTABILITY = YES;
				GCC_C_LANGUAGE_STANDARD = gnu11;
				GCC_DYNAMIC_NO_PIC = NO;
				GCC_NO_COMMON_BLOCKS = YES;
				GCC_OPTIMIZATION_LEVEL = 0;
				GCC_PREPROCESSOR_DEFINITIONS = (
					"DEBUG=1",
					"$(inherited)",
				);
				GCC_WARN_64_TO_32_BIT_CONVERSION = YES;
				GCC_WARN_ABOUT_RETURN_TYPE = YES_ERROR;
				GCC_WARN_UNDECLARED_SELECTOR = YES;
				GCC_WARN_UNINITIALIZED_AUTOS = YES_AGGRESSIVE;
				GCC_WARN_UNUSED_FUNCTION = YES;
				GCC_WARN_UNUSED_VARIABLE = YES;
				MTL_ENABLE_DEBUG_INFO = INCLUDE_SOURCE;
				MTL_FAST_MATH = YES;
				ONLY_ACTIVE_ARCH = YES;
				SWIFT_ACTIVE_COMPILATION_CONDITIONS = DEBUG;
				SWIFT_OPTIMIZATION_LEVEL = "-Onone";
			};
			name = Debug;
		};
		5BB80C142BAB7F3D007E8C81 /* Release */ = {
			isa = XCBuildConfiguration;
			buildSettings = {
				ALWAYS_SEARCH_USER_PATHS = NO;
				CLANG_ANALYZER_NONNULL = YES;
				CLANG_ANALYZER_NUMBER_OBJECT_CONVERSION = YES_AGGRESSIVE;
				CLANG_CXX_LANGUAGE_STANDARD = "gnu++20";
				CLANG_ENABLE_MODULES = YES;
				CLANG_ENABLE_OBJC_ARC = YES;
				CLANG_ENABLE_OBJC_WEAK = YES;
				CLANG_WARN_BLOCK_CAPTURE_AUTORELEASING = YES;
				CLANG_WARN_BOOL_CONVERSION = YES;
				CLANG_WARN_COMMA = YES;
				CLANG_WARN_CONSTANT_CONVERSION = YES;
				CLANG_WARN_DEPRECATED_OBJC_IMPLEMENTATIONS = YES;
				CLANG_WARN_DIRECT_OBJC_ISA_USAGE = YES_ERROR;
				CLANG_WARN_DOCUMENTATION_COMMENTS = YES;
				CLANG_WARN_EMPTY_BODY = YES;
				CLANG_WARN_ENUM_CONVERSION = YES;
				CLANG_WARN_INFINITE_RECURSION = YES;
				CLANG_WARN_INT_CONVERSION = YES;
				CLANG_WARN_NON_LITERAL_NULL_CONVERSION = YES;
				CLANG_WARN_OBJC_IMPLICIT_RETAIN_SELF = YES;
				CLANG_WARN_OBJC_LITERAL_CONVERSION = YES;
				CLANG_WARN_OBJC_ROOT_CLASS = YES_ERROR;
				CLANG_WARN_QUOTED_INCLUDE_IN_FRAMEWORK_HEADER = YES;
				CLANG_WARN_RANGE_LOOP_ANALYSIS = YES;
				CLANG_WARN_STRICT_PROTOTYPES = YES;
				CLANG_WARN_SUSPICIOUS_MOVE = YES;
				CLANG_WARN_UNGUARDED_AVAILABILITY = YES_AGGRESSIVE;
				CLANG_WARN_UNREACHABLE_CODE = YES;
				CLANG_WARN__DUPLICATE_METHOD_MATCH = YES;
				COPY_PHASE_STRIP = NO;
				DEBUG_INFORMATION_FORMAT = "dwarf-with-dsym";
				ENABLE_NS_ASSERTIONS = NO;
				ENABLE_STRICT_OBJC_MSGSEND = YES;
				GCC_C_LANGUAGE_STANDARD = gnu11;
				GCC_NO_COMMON_BLOCKS = YES;
				GCC_WARN_64_TO_32_BIT_CONVERSION = YES;
				GCC_WARN_ABOUT_RETURN_TYPE = YES_ERROR;
				GCC_WARN_UNDECLARED_SELECTOR = YES;
				GCC_WARN_UNINITIALIZED_AUTOS = YES_AGGRESSIVE;
				GCC_WARN_UNUSED_FUNCTION = YES;
				GCC_WARN_UNUSED_VARIABLE = YES;
				MTL_ENABLE_DEBUG_INFO = NO;
				MTL_FAST_MATH = YES;
				SWIFT_COMPILATION_MODE = wholemodule;
				SWIFT_OPTIMIZATION_LEVEL = "-O";
			};
			name = Release;
		};
		5BB80C162BAB7F3D007E8C81 /* Debug */ = {
			isa = XCBuildConfiguration;
			buildSettings = {
				ASSETCATALOG_COMPILER_APPICON_NAME = AppIcon;
				ASSETCATALOG_COMPILER_GLOBAL_ACCENT_COLOR_NAME = AccentColor;
				CODE_SIGN_ENTITLEMENTS = WaterReminder/WaterReminder.entitlements;
				CODE_SIGN_STYLE = Automatic;
				CURRENT_PROJECT_VERSION = 1;
				DEVELOPMENT_ASSET_PATHS = "\"WaterReminder/Preview Content\"";
				DEVELOPMENT_TEAM = 5YRR5LGHYV;
				ENABLE_HARDENED_RUNTIME = YES;
				ENABLE_PREVIEWS = YES;
				GENERATE_INFOPLIST_FILE = YES;
				"INFOPLIST_KEY_UIApplicationSceneManifest_Generation[sdk=iphoneos*]" = YES;
				"INFOPLIST_KEY_UIApplicationSceneManifest_Generation[sdk=iphonesimulator*]" = YES;
				"INFOPLIST_KEY_UIApplicationSupportsIndirectInputEvents[sdk=iphoneos*]" = YES;
				"INFOPLIST_KEY_UIApplicationSupportsIndirectInputEvents[sdk=iphonesimulator*]" = YES;
				"INFOPLIST_KEY_UILaunchScreen_Generation[sdk=iphoneos*]" = YES;
				"INFOPLIST_KEY_UILaunchScreen_Generation[sdk=iphonesimulator*]" = YES;
				INFOPLIST_KEY_UIStatusBarStyle = UIStatusBarStyleLightContent;
				"INFOPLIST_KEY_UIStatusBarStyle[sdk=iphoneos*]" = UIStatusBarStyleDefault;
				"INFOPLIST_KEY_UIStatusBarStyle[sdk=iphonesimulator*]" = UIStatusBarStyleDefault;
				INFOPLIST_KEY_UISupportedInterfaceOrientations = UIInterfaceOrientationPortrait;
				IPHONEOS_DEPLOYMENT_TARGET = 16.2;
				LD_RUNPATH_SEARCH_PATHS = "@executable_path/Frameworks";
				"LD_RUNPATH_SEARCH_PATHS[sdk=macosx*]" = "@executable_path/../Frameworks";
				MACOSX_DEPLOYMENT_TARGET = 12.7;
				MARKETING_VERSION = 1.0;
				PRODUCT_BUNDLE_IDENTIFIER = com.appsdevo.WaterReminder;
				PRODUCT_NAME = "$(TARGET_NAME)";
				SDKROOT = auto;
				SUPPORTED_PLATFORMS = "iphoneos iphonesimulator macosx";
				SWIFT_EMIT_LOC_STRINGS = YES;
				SWIFT_VERSION = 5.0;
				TARGETED_DEVICE_FAMILY = "1,2";
			};
			name = Debug;
		};
		5BB80C172BAB7F3D007E8C81 /* Release */ = {
			isa = XCBuildConfiguration;
			buildSettings = {
				ASSETCATALOG_COMPILER_APPICON_NAME = AppIcon;
				ASSETCATALOG_COMPILER_GLOBAL_ACCENT_COLOR_NAME = AccentColor;
				CODE_SIGN_ENTITLEMENTS = WaterReminder/WaterReminder.entitlements;
				CODE_SIGN_STYLE = Automatic;
				CURRENT_PROJECT_VERSION = 1;
				DEVELOPMENT_ASSET_PATHS = "\"WaterReminder/Preview Content\"";
				DEVELOPMENT_TEAM = 5YRR5LGHYV;
				ENABLE_HARDENED_RUNTIME = YES;
				ENABLE_PREVIEWS = YES;
				GENERATE_INFOPLIST_FILE = YES;
				"INFOPLIST_KEY_UIApplicationSceneManifest_Generation[sdk=iphoneos*]" = YES;
				"INFOPLIST_KEY_UIApplicationSceneManifest_Generation[sdk=iphonesimulator*]" = YES;
				"INFOPLIST_KEY_UIApplicationSupportsIndirectInputEvents[sdk=iphoneos*]" = YES;
				"INFOPLIST_KEY_UIApplicationSupportsIndirectInputEvents[sdk=iphonesimulator*]" = YES;
				"INFOPLIST_KEY_UILaunchScreen_Generation[sdk=iphoneos*]" = YES;
				"INFOPLIST_KEY_UILaunchScreen_Generation[sdk=iphonesimulator*]" = YES;
				INFOPLIST_KEY_UIStatusBarStyle = UIStatusBarStyleLightContent;
				"INFOPLIST_KEY_UIStatusBarStyle[sdk=iphoneos*]" = UIStatusBarStyleDefault;
				"INFOPLIST_KEY_UIStatusBarStyle[sdk=iphonesimulator*]" = UIStatusBarStyleDefault;
				INFOPLIST_KEY_UISupportedInterfaceOrientations = UIInterfaceOrientationPortrait;
				IPHONEOS_DEPLOYMENT_TARGET = 16.2;
				LD_RUNPATH_SEARCH_PATHS = "@executable_path/Frameworks";
				"LD_RUNPATH_SEARCH_PATHS[sdk=macosx*]" = "@executable_path/../Frameworks";
				MACOSX_DEPLOYMENT_TARGET = 12.7;
				MARKETING_VERSION = 1.0;
				PRODUCT_BUNDLE_IDENTIFIER = com.appsdevo.WaterReminder;
				PRODUCT_NAME = "$(TARGET_NAME)";
				SDKROOT = auto;
				SUPPORTED_PLATFORMS = "iphoneos iphonesimulator macosx";
				SWIFT_EMIT_LOC_STRINGS = YES;
				SWIFT_VERSION = 5.0;
				TARGETED_DEVICE_FAMILY = "1,2";
			};
			name = Release;
		};
/* End XCBuildConfiguration section */

/* Begin XCConfigurationList section */
		5BB80C012BAB7F3B007E8C81 /* Build configuration list for PBXProject "WaterReminder" */ = {
			isa = XCConfigurationList;
			buildConfigurations = (
				5BB80C132BAB7F3D007E8C81 /* Debug */,
				5BB80C142BAB7F3D007E8C81 /* Release */,
			);
			defaultConfigurationIsVisible = 0;
			defaultConfigurationName = Release;
		};
		5BB80C152BAB7F3D007E8C81 /* Build configuration list for PBXNativeTarget "WaterReminder" */ = {
			isa = XCConfigurationList;
			buildConfigurations = (
				5BB80C162BAB7F3D007E8C81 /* Debug */,
				5BB80C172BAB7F3D007E8C81 /* Release */,
			);
			defaultConfigurationIsVisible = 0;
			defaultConfigurationName = Release;
		};
/* End XCConfigurationList section */
	};
	rootObject = 5BB80BFE2BAB7F3B007E8C81 /* Project object */;
}
